
Microsoft Visual Studio Solution File, Format Version 12.00
# Visual Studio Version 16
VisualStudioVersion = 16.0.30011.22
MinimumVisualStudioVersion = 10.0.40219.1
Project("{FAE04EC0-301F-11D3-BF4B-00C04F79EFBC}") = "ConsoleApp1", "ConsoleApp1\ConsoleApp1.csproj", "{272DFC66-1558-48AD-B5D5-31D7126DF9A6}"
EndProject
Global
	GlobalSection(SolutionConfigurationPlatforms) = preSolution
		Debug|Any CPU = Debug|Any CPU
		Release|Any CPU = Release|Any CPU
	EndGlobalSection
	GlobalSection(ProjectConfigurationPlatforms) = postSolution
		{272DFC66-1558-48AD-B5D5-31D7126DF9A6}.Debug|Any CPU.ActiveCfg = Debug|Any CPU
		{272DFC66-1558-48AD-B5D5-31D7126DF9A6}.Debug|Any CPU.Build.0 = Debug|Any CPU
		{272DFC66-1558-48AD-B5D5-31D7126DF9A6}.Release|Any CPU.ActiveCfg = Release|Any CPU
		{272DFC66-1558-48AD-B5D5-31D7126DF9A6}.Release|Any CPU.Build.0 = Release|Any CPU
	EndGlobalSection
	GlobalSection(SolutionProperties) = preSolution
		HideSolutionNode = FALSE
	EndGlobalSection
	GlobalSection(ExtensibilityGlobals) = postSolution
		SolutionGuid = {9031475F-364B-4F8E-8256-2C8C2329E44C}
	EndGlobalSection
EndGlobal
